
Microsoft Visual Studio Solution File, Format Version 12.00
# Visual Studio Version 16
VisualStudioVersion = 16.0.32002.261
MinimumVisualStudioVersion = 10.0.40219.1
Project("{FAE04EC0-301F-11D3-BF4B-00C04F79EFBC}") = "ConsoleApp2", "ConsoleApp2\ConsoleApp2.csproj", "{D7BCA372-8C17-495D-8E27-10F9F0CA28D6}"
EndProject
Global
	GlobalSection(SolutionConfigurationPlatforms) = preSolution
		Debug|Any CPU = Debug|Any CPU
		Release|Any CPU = Release|Any CPU
	EndGlobalSection
	GlobalSection(ProjectConfigurationPlatforms) = postSolution
		{D7BCA372-8C17-495D-8E27-10F9F0CA28D6}.Debug|Any CPU.ActiveCfg = Debug|Any CPU
		{D7BCA372-8C17-495D-8E27-10F9F0CA28D6}.Debug|Any CPU.Build.0 = Debug|Any CPU
		{D7BCA372-8C17-495D-8E27-10F9F0CA28D6}.Release|Any CPU.ActiveCfg = Release|Any CPU
		{D7BCA372-8C17-495D-8E27-10F9F0CA28D6}.Release|Any CPU.Build.0 = Release|Any CPU
	EndGlobalSection
	GlobalSection(SolutionProperties) = preSolution
		HideSolutionNode = FALSE
	EndGlobalSection
	GlobalSection(ExtensibilityGlobals) = postSolution
		SolutionGuid = {533C06C1-94EC-4DA1-B770-037D814CBDD1}
	EndGlobalSection
EndGlobal
