
Microsoft Visual Studio Solution File, Format Version 12.00
# Visual Studio Version 16
VisualStudioVersion = 16.0.32002.261
MinimumVisualStudioVersion = 10.0.40219.1
Project("{FAE04EC0-301F-11D3-BF4B-00C04F79EFBC}") = "mvc5", "mvc5\mvc5.csproj", "{3399E9FA-5966-46BF-8F9D-46F97E8DFFE0}"
EndProject
Global
	GlobalSection(SolutionConfigurationPlatforms) = preSolution
		Debug|Any CPU = Debug|Any CPU
		Release|Any CPU = Release|Any CPU
	EndGlobalSection
	GlobalSection(ProjectConfigurationPlatforms) = postSolution
		{3399E9FA-5966-46BF-8F9D-46F97E8DFFE0}.Debug|Any CPU.ActiveCfg = Debug|Any CPU
		{3399E9FA-5966-46BF-8F9D-46F97E8DFFE0}.Debug|Any CPU.Build.0 = Debug|Any CPU
		{3399E9FA-5966-46BF-8F9D-46F97E8DFFE0}.Release|Any CPU.ActiveCfg = Release|Any CPU
		{3399E9FA-5966-46BF-8F9D-46F97E8DFFE0}.Release|Any CPU.Build.0 = Release|Any CPU
	EndGlobalSection
	GlobalSection(SolutionProperties) = preSolution
		HideSolutionNode = FALSE
	EndGlobalSection
	GlobalSection(ExtensibilityGlobals) = postSolution
		SolutionGuid = {B771057E-2BF4-4FD4-B4F2-0754ABC6D434}
	EndGlobalSection
EndGlobal
