
Microsoft Visual Studio Solution File, Format Version 12.00
# Visual Studio Version 16
VisualStudioVersion = 16.0.32002.261
MinimumVisualStudioVersion = 10.0.40219.1
Project("{FAE04EC0-301F-11D3-BF4B-00C04F79EFBC}") = "mvc7", "mvc7\mvc7.csproj", "{5F62AF6A-77B3-4A44-A1C2-CBCF4848D2CD}"
EndProject
Global
	GlobalSection(SolutionConfigurationPlatforms) = preSolution
		Debug|Any CPU = Debug|Any CPU
		Release|Any CPU = Release|Any CPU
	EndGlobalSection
	GlobalSection(ProjectConfigurationPlatforms) = postSolution
		{5F62AF6A-77B3-4A44-A1C2-CBCF4848D2CD}.Debug|Any CPU.ActiveCfg = Debug|Any CPU
		{5F62AF6A-77B3-4A44-A1C2-CBCF4848D2CD}.Debug|Any CPU.Build.0 = Debug|Any CPU
		{5F62AF6A-77B3-4A44-A1C2-CBCF4848D2CD}.Release|Any CPU.ActiveCfg = Release|Any CPU
		{5F62AF6A-77B3-4A44-A1C2-CBCF4848D2CD}.Release|Any CPU.Build.0 = Release|Any CPU
	EndGlobalSection
	GlobalSection(SolutionProperties) = preSolution
		HideSolutionNode = FALSE
	EndGlobalSection
	GlobalSection(ExtensibilityGlobals) = postSolution
		SolutionGuid = {4DD07290-B7DC-4417-9E9D-1F3F5DACE1DD}
	EndGlobalSection
EndGlobal
