
Microsoft Visual Studio Solution File, Format Version 12.00
# Visual Studio Version 16
VisualStudioVersion = 16.0.32002.261
MinimumVisualStudioVersion = 10.0.40219.1
Project("{9A19103F-16F7-4668-BE54-9A1E7A4F7556}") = "ProductStores", "ProductStores\ProductStores.csproj", "{D9461814-10C4-484F-A36C-BEB78637ED32}"
EndProject
Project("{FAE04EC0-301F-11D3-BF4B-00C04F79EFBC}") = "TestProject1", "TestProject1\TestProject1.csproj", "{77EA6B3E-34A3-4C2A-B6D7-94162A488674}"
EndProject
Global
	GlobalSection(SolutionConfigurationPlatforms) = preSolution
		Debug|Any CPU = Debug|Any CPU
		Release|Any CPU = Release|Any CPU
	EndGlobalSection
	GlobalSection(ProjectConfigurationPlatforms) = postSolution
		{D9461814-10C4-484F-A36C-BEB78637ED32}.Debug|Any CPU.ActiveCfg = Debug|Any CPU
		{D9461814-10C4-484F-A36C-BEB78637ED32}.Debug|Any CPU.Build.0 = Debug|Any CPU
		{D9461814-10C4-484F-A36C-BEB78637ED32}.Release|Any CPU.ActiveCfg = Release|Any CPU
		{D9461814-10C4-484F-A36C-BEB78637ED32}.Release|Any CPU.Build.0 = Release|Any CPU
		{77EA6B3E-34A3-4C2A-B6D7-94162A488674}.Debug|Any CPU.ActiveCfg = Debug|Any CPU
		{77EA6B3E-34A3-4C2A-B6D7-94162A488674}.Debug|Any CPU.Build.0 = Debug|Any CPU
		{77EA6B3E-34A3-4C2A-B6D7-94162A488674}.Release|Any CPU.ActiveCfg = Release|Any CPU
		{77EA6B3E-34A3-4C2A-B6D7-94162A488674}.Release|Any CPU.Build.0 = Release|Any CPU
	EndGlobalSection
	GlobalSection(SolutionProperties) = preSolution
		HideSolutionNode = FALSE
	EndGlobalSection
	GlobalSection(ExtensibilityGlobals) = postSolution
		SolutionGuid = {E26F17A5-74B3-457F-8DD0-BF875C4FDDC1}
	EndGlobalSection
EndGlobal
