
Microsoft Visual Studio Solution File, Format Version 12.00
# Visual Studio Version 16
VisualStudioVersion = 16.0.32002.261
MinimumVisualStudioVersion = 10.0.40219.1
Project("{FAE04EC0-301F-11D3-BF4B-00C04F79EFBC}") = "WebPage", "WebPage\WebPage.csproj", "{5679C059-60A7-4688-BE86-86D26D863DB5}"
EndProject
Global
	GlobalSection(SolutionConfigurationPlatforms) = preSolution
		Debug|Any CPU = Debug|Any CPU
		Release|Any CPU = Release|Any CPU
	EndGlobalSection
	GlobalSection(ProjectConfigurationPlatforms) = postSolution
		{5679C059-60A7-4688-BE86-86D26D863DB5}.Debug|Any CPU.ActiveCfg = Debug|Any CPU
		{5679C059-60A7-4688-BE86-86D26D863DB5}.Debug|Any CPU.Build.0 = Debug|Any CPU
		{5679C059-60A7-4688-BE86-86D26D863DB5}.Release|Any CPU.ActiveCfg = Release|Any CPU
		{5679C059-60A7-4688-BE86-86D26D863DB5}.Release|Any CPU.Build.0 = Release|Any CPU
	EndGlobalSection
	GlobalSection(SolutionProperties) = preSolution
		HideSolutionNode = FALSE
	EndGlobalSection
	GlobalSection(ExtensibilityGlobals) = postSolution
		SolutionGuid = {4117F09A-8C6B-4984-A5FB-15E5BE364BBA}
	EndGlobalSection
EndGlobal
