
Microsoft Visual Studio Solution File, Format Version 12.00
# Visual Studio Version 16
VisualStudioVersion = 16.0.32002.261
MinimumVisualStudioVersion = 10.0.40219.1
Project("{FAE04EC0-301F-11D3-BF4B-00C04F79EFBC}") = "mvc3", "mvc3\mvc3.csproj", "{BF1190A3-1B57-4139-BE6D-E4633851EB71}"
EndProject
Global
	GlobalSection(SolutionConfigurationPlatforms) = preSolution
		Debug|Any CPU = Debug|Any CPU
		Release|Any CPU = Release|Any CPU
	EndGlobalSection
	GlobalSection(ProjectConfigurationPlatforms) = postSolution
		{BF1190A3-1B57-4139-BE6D-E4633851EB71}.Debug|Any CPU.ActiveCfg = Debug|Any CPU
		{BF1190A3-1B57-4139-BE6D-E4633851EB71}.Debug|Any CPU.Build.0 = Debug|Any CPU
		{BF1190A3-1B57-4139-BE6D-E4633851EB71}.Release|Any CPU.ActiveCfg = Release|Any CPU
		{BF1190A3-1B57-4139-BE6D-E4633851EB71}.Release|Any CPU.Build.0 = Release|Any CPU
	EndGlobalSection
	GlobalSection(SolutionProperties) = preSolution
		HideSolutionNode = FALSE
	EndGlobalSection
	GlobalSection(ExtensibilityGlobals) = postSolution
		SolutionGuid = {266471F7-180A-472E-B886-C402A9BC76C2}
	EndGlobalSection
EndGlobal
